
Microsoft Visual Studio Solution File, Format Version 12.00
# Visual Studio 15
VisualStudioVersion = 15.0.28307.902
MinimumVisualStudioVersion = 10.0.40219.1
Project("{FAE04EC0-301F-11D3-BF4B-00C04F79EFBC}") = "App1.Android", "App1\App1.Android\App1.Android.csproj", "{3E05EBD5-4CAD-4737-ABCC-15C078C35C89}"
EndProject
Project("{FAE04EC0-301F-11D3-BF4B-00C04F79EFBC}") = "App1.iOS", "App1\App1.iOS\App1.iOS.csproj", "{0F1827E3-CBF3-47CC-9C9B-52B84E51B8A3}"
EndProject
Project("{FAE04EC0-301F-11D3-BF4B-00C04F79EFBC}") = "App1.UWP", "App1\App1.UWP\App1.UWP.csproj", "{D6C8408E-87FC-496B-AFD8-62B1765A520B}"
EndProject
Project("{FAE04EC0-301F-11D3-BF4B-00C04F79EFBC}") = "App1", "App1\App1\App1.csproj", "{C8D1DC86-63C9-4805-84BD-C925B7EA6A0D}"
EndProject
Global
	GlobalSection(SolutionConfigurationPlatforms) = preSolution
		Ad-Hoc|Any CPU = Ad-Hoc|Any CPU
		Ad-Hoc|ARM = Ad-Hoc|ARM
		Ad-Hoc|iPhone = Ad-Hoc|iPhone
		Ad-Hoc|iPhoneSimulator = Ad-Hoc|iPhoneSimulator
		Ad-Hoc|x64 = Ad-Hoc|x64
		Ad-Hoc|x86 = Ad-Hoc|x86
		AppStore|Any CPU = AppStore|Any CPU
		AppStore|ARM = AppStore|ARM
		AppStore|iPhone = AppStore|iPhone
		AppStore|iPhoneSimulator = AppStore|iPhoneSimulator
		AppStore|x64 = AppStore|x64
		AppStore|x86 = AppStore|x86
		Debug|Any CPU = Debug|Any CPU
		Debug|ARM = Debug|ARM
		Debug|iPhone = Debug|iPhone
		Debug|iPhoneSimulator = Debug|iPhoneSimulator
		Debug|x64 = Debug|x64
		Debug|x86 = Debug|x86
		Release|Any CPU = Release|Any CPU
		Release|ARM = Release|ARM
		Release|iPhone = Release|iPhone
		Release|iPhoneSimulator = Release|iPhoneSimulator
		Release|x64 = Release|x64
		Release|x86 = Release|x86
	EndGlobalSection
	GlobalSection(ProjectConfigurationPlatforms) = postSolution
		{3E05EBD5-4CAD-4737-ABCC-15C078C35C89}.Ad-Hoc|Any CPU.ActiveCfg = Release|Any CPU
		{3E05EBD5-4CAD-4737-ABCC-15C078C35C89}.Ad-Hoc|Any CPU.Build.0 = Release|Any CPU
		{3E05EBD5-4CAD-4737-ABCC-15C078C35C89}.Ad-Hoc|Any CPU.Deploy.0 = Release|Any CPU
		{3E05EBD5-4CAD-4737-ABCC-15C078C35C89}.Ad-Hoc|ARM.ActiveCfg = Release|Any CPU
		{3E05EBD5-4CAD-4737-ABCC-15C078C35C89}.Ad-Hoc|ARM.Build.0 = Release|Any CPU
		{3E05EBD5-4CAD-4737-ABCC-15C078C35C89}.Ad-Hoc|ARM.Deploy.0 = Release|Any CPU
		{3E05EBD5-4CAD-4737-ABCC-15C078C35C89}.Ad-Hoc|iPhone.ActiveCfg = Release|Any CPU
		{3E05EBD5-4CAD-4737-ABCC-15C078C35C89}.Ad-Hoc|iPhone.Build.0 = Release|Any CPU
		{3E05EBD5-4CAD-4737-ABCC-15C078C35C89}.Ad-Hoc|iPhone.Deploy.0 = Release|Any CPU
		{3E05EBD5-4CAD-4737-ABCC-15C078C35C89}.Ad-Hoc|iPhoneSimulator.ActiveCfg = Release|Any CPU
		{3E05EBD5-4CAD-4737-ABCC-15C078C35C89}.Ad-Hoc|iPhoneSimulator.Build.0 = Release|Any CPU
		{3E05EBD5-4CAD-4737-ABCC-15C078C35C89}.Ad-Hoc|iPhoneSimulator.Deploy.0 = Release|Any CPU
		{3E05EBD5-4CAD-4737-ABCC-15C078C35C89}.Ad-Hoc|x64.ActiveCfg = Release|Any CPU
		{3E05EBD5-4CAD-4737-ABCC-15C078C35C89}.Ad-Hoc|x64.Build.0 = Release|Any CPU
		{3E05EBD5-4CAD-4737-ABCC-15C078C35C89}.Ad-Hoc|x64.Deploy.0 = Release|Any CPU
		{3E05EBD5-4CAD-4737-ABCC-15C078C35C89}.Ad-Hoc|x86.ActiveCfg = Release|Any CPU
		{3E05EBD5-4CAD-4737-ABCC-15C078C35C89}.Ad-Hoc|x86.Build.0 = Release|Any CPU
		{3E05EBD5-4CAD-4737-ABCC-15C078C35C89}.Ad-Hoc|x86.Deploy.0 = Release|Any CPU
		{3E05EBD5-4CAD-4737-ABCC-15C078C35C89}.AppStore|Any CPU.ActiveCfg = Release|Any CPU
		{3E05EBD5-4CAD-4737-ABCC-15C078C35C89}.AppStore|Any CPU.Build.0 = Release|Any CPU
		{3E05EBD5-4CAD-4737-ABCC-15C078C35C89}.AppStore|Any CPU.Deploy.0 = Release|Any CPU
		{3E05EBD5-4CAD-4737-ABCC-15C078C35C89}.AppStore|ARM.ActiveCfg = Release|Any CPU
		{3E05EBD5-4CAD-4737-ABCC-15C078C35C89}.AppStore|ARM.Build.0 = Release|Any CPU
		{3E05EBD5-4CAD-4737-ABCC-15C078C35C89}.AppStore|ARM.Deploy.0 = Release|Any CPU
		{3E05EBD5-4CAD-4737-ABCC-15C078C35C89}.AppStore|iPhone.ActiveCfg = Release|Any CPU
		{3E05EBD5-4CAD-4737-ABCC-15C078C35C89}.AppStore|iPhone.Build.0 = Release|Any CPU
		{3E05EBD5-4CAD-4737-ABCC-15C078C35C89}.AppStore|iPhone.Deploy.0 = Release|Any CPU
		{3E05EBD5-4CAD-4737-ABCC-15C078C35C89}.AppStore|iPhoneSimulator.ActiveCfg = Release|Any CPU
		{3E05EBD5-4CAD-4737-ABCC-15C078C35C89}.AppStore|iPhoneSimulator.Build.0 = Release|Any CPU
		{3E05EBD5-4CAD-4737-ABCC-15C078C35C89}.AppStore|iPhoneSimulator.Deploy.0 = Release|Any CPU
		{3E05EBD5-4CAD-4737-ABCC-15C078C35C89}.AppStore|x64.ActiveCfg = Release|Any CPU
		{3E05EBD5-4CAD-4737-ABCC-15C078C35C89}.AppStore|x64.Build.0 = Release|Any CPU
		{3E05EBD5-4CAD-4737-ABCC-15C078C35C89}.AppStore|x64.Deploy.0 = Release|Any CPU
		{3E05EBD5-4CAD-4737-ABCC-15C078C35C89}.AppStore|x86.ActiveCfg = Release|Any CPU
		{3E05EBD5-4CAD-4737-ABCC-15C078C35C89}.AppStore|x86.Build.0 = Release|Any CPU
		{3E05EBD5-4CAD-4737-ABCC-15C078C35C89}.AppStore|x86.Deploy.0 = Release|Any CPU
		{3E05EBD5-4CAD-4737-ABCC-15C078C35C89}.Debug|Any CPU.ActiveCfg = Debug|Any CPU
		{3E05EBD5-4CAD-4737-ABCC-15C078C35C89}.Debug|Any CPU.Build.0 = Debug|Any CPU
		{3E05EBD5-4CAD-4737-ABCC-15C078C35C89}.Debug|Any CPU.Deploy.0 = Debug|Any CPU
		{3E05EBD5-4CAD-4737-ABCC-15C078C35C89}.Debug|ARM.ActiveCfg = Debug|Any CPU
		{3E05EBD5-4CAD-4737-ABCC-15C078C35C89}.Debug|ARM.Build.0 = Debug|Any CPU
		{3E05EBD5-4CAD-4737-ABCC-15C078C35C89}.Debug|ARM.Deploy.0 = Debug|Any CPU
		{3E05EBD5-4CAD-4737-ABCC-15C078C35C89}.Debug|iPhone.ActiveCfg = Debug|Any CPU
		{3E05EBD5-4CAD-4737-ABCC-15C078C35C89}.Debug|iPhone.Build.0 = Debug|Any CPU
		{3E05EBD5-4CAD-4737-ABCC-15C078C35C89}.Debug|iPhone.Deploy.0 = Debug|Any CPU
		{3E05EBD5-4CAD-4737-ABCC-15C078C35C89}.Debug|iPhoneSimulator.ActiveCfg = Debug|Any CPU
		{3E05EBD5-4CAD-4737-ABCC-15C078C35C89}.Debug|iPhoneSimulator.Build.0 = Debug|Any CPU
		{3E05EBD5-4CAD-4737-ABCC-15C078C35C89}.Debug|iPhoneSimulator.Deploy.0 = Debug|Any CPU
		{3E05EBD5-4CAD-4737-ABCC-15C078C35C89}.Debug|x64.ActiveCfg = Debug|Any CPU
		{3E05EBD5-4CAD-4737-ABCC-15C078C35C89}.Debug|x64.Build.0 = Debug|Any CPU
		{3E05EBD5-4CAD-4737-ABCC-15C078C35C89}.Debug|x64.Deploy.0 = Debug|Any CPU
		{3E05EBD5-4CAD-4737-ABCC-15C078C35C89}.Debug|x86.ActiveCfg = Debug|Any CPU
		{3E05EBD5-4CAD-4737-ABCC-15C078C35C89}.Debug|x86.Build.0 = Debug|Any CPU
		{3E05EBD5-4CAD-4737-ABCC-15C078C35C89}.Debug|x86.Deploy.0 = Debug|Any CPU
		{3E05EBD5-4CAD-4737-ABCC-15C078C35C89}.Release|Any CPU.ActiveCfg = Release|Any CPU
		{3E05EBD5-4CAD-4737-ABCC-15C078C35C89}.Release|Any CPU.Build.0 = Release|Any CPU
		{3E05EBD5-4CAD-4737-ABCC-15C078C35C89}.Release|Any CPU.Deploy.0 = Release|Any CPU
		{3E05EBD5-4CAD-4737-ABCC-15C078C35C89}.Release|ARM.ActiveCfg = Release|Any CPU
		{3E05EBD5-4CAD-4737-ABCC-15C078C35C89}.Release|ARM.Build.0 = Release|Any CPU
		{3E05EBD5-4CAD-4737-ABCC-15C078C35C89}.Release|ARM.Deploy.0 = Release|Any CPU
		{3E05EBD5-4CAD-4737-ABCC-15C078C35C89}.Release|iPhone.ActiveCfg = Release|Any CPU
		{3E05EBD5-4CAD-4737-ABCC-15C078C35C89}.Release|iPhone.Build.0 = Release|Any CPU
		{3E05EBD5-4CAD-4737-ABCC-15C078C35C89}.Release|iPhone.Deploy.0 = Release|Any CPU
		{3E05EBD5-4CAD-4737-ABCC-15C078C35C89}.Release|iPhoneSimulator.ActiveCfg = Release|Any CPU
		{3E05EBD5-4CAD-4737-ABCC-15C078C35C89}.Release|iPhoneSimulator.Build.0 = Release|Any CPU
		{3E05EBD5-4CAD-4737-ABCC-15C078C35C89}.Release|iPhoneSimulator.Deploy.0 = Release|Any CPU
		{3E05EBD5-4CAD-4737-ABCC-15C078C35C89}.Release|x64.ActiveCfg = Release|Any CPU
		{3E05EBD5-4CAD-4737-ABCC-15C078C35C89}.Release|x64.Build.0 = Release|Any CPU
		{3E05EBD5-4CAD-4737-ABCC-15C078C35C89}.Release|x64.Deploy.0 = Release|Any CPU
		{3E05EBD5-4CAD-4737-ABCC-15C078C35C89}.Release|x86.ActiveCfg = Release|Any CPU
		{3E05EBD5-4CAD-4737-ABCC-15C078C35C89}.Release|x86.Build.0 = Release|Any CPU
		{3E05EBD5-4CAD-4737-ABCC-15C078C35C89}.Release|x86.Deploy.0 = Release|Any CPU
		{0F1827E3-CBF3-47CC-9C9B-52B84E51B8A3}.Ad-Hoc|Any CPU.ActiveCfg = Ad-Hoc|iPhone
		{0F1827E3-CBF3-47CC-9C9B-52B84E51B8A3}.Ad-Hoc|Any CPU.Build.0 = Ad-Hoc|iPhone
		{0F1827E3-CBF3-47CC-9C9B-52B84E51B8A3}.Ad-Hoc|Any CPU.Deploy.0 = Ad-Hoc|iPhone
		{0F1827E3-CBF3-47CC-9C9B-52B84E51B8A3}.Ad-Hoc|ARM.ActiveCfg = Ad-Hoc|iPhone
		{0F1827E3-CBF3-47CC-9C9B-52B84E51B8A3}.Ad-Hoc|ARM.Build.0 = Ad-Hoc|iPhone
		{0F1827E3-CBF3-47CC-9C9B-52B84E51B8A3}.Ad-Hoc|ARM.Deploy.0 = Ad-Hoc|iPhone
		{0F1827E3-CBF3-47CC-9C9B-52B84E51B8A3}.Ad-Hoc|iPhone.ActiveCfg = Ad-Hoc|iPhone
		{0F1827E3-CBF3-47CC-9C9B-52B84E51B8A3}.Ad-Hoc|iPhone.Build.0 = Ad-Hoc|iPhone
		{0F1827E3-CBF3-47CC-9C9B-52B84E51B8A3}.Ad-Hoc|iPhone.Deploy.0 = Ad-Hoc|iPhone
		{0F1827E3-CBF3-47CC-9C9B-52B84E51B8A3}.Ad-Hoc|iPhoneSimulator.ActiveCfg = Ad-Hoc|iPhoneSimulator
		{0F1827E3-CBF3-47CC-9C9B-52B84E51B8A3}.Ad-Hoc|iPhoneSimulator.Build.0 = Ad-Hoc|iPhoneSimulator
		{0F1827E3-CBF3-47CC-9C9B-52B84E51B8A3}.Ad-Hoc|iPhoneSimulator.Deploy.0 = Ad-Hoc|iPhoneSimulator
		{0F1827E3-CBF3-47CC-9C9B-52B84E51B8A3}.Ad-Hoc|x64.ActiveCfg = Ad-Hoc|iPhone
		{0F1827E3-CBF3-47CC-9C9B-52B84E51B8A3}.Ad-Hoc|x64.Build.0 = Ad-Hoc|iPhone
		{0F1827E3-CBF3-47CC-9C9B-52B84E51B8A3}.Ad-Hoc|x64.Deploy.0 = Ad-Hoc|iPhone
		{0F1827E3-CBF3-47CC-9C9B-52B84E51B8A3}.Ad-Hoc|x86.ActiveCfg = Ad-Hoc|iPhone
		{0F1827E3-CBF3-47CC-9C9B-52B84E51B8A3}.Ad-Hoc|x86.Build.0 = Ad-Hoc|iPhone
		{0F1827E3-CBF3-47CC-9C9B-52B84E51B8A3}.Ad-Hoc|x86.Deploy.0 = Ad-Hoc|iPhone
		{0F1827E3-CBF3-47CC-9C9B-52B84E51B8A3}.AppStore|Any CPU.ActiveCfg = AppStore|iPhone
		{0F1827E3-CBF3-47CC-9C9B-52B84E51B8A3}.AppStore|Any CPU.Build.0 = AppStore|iPhone
		{0F1827E3-CBF3-47CC-9C9B-52B84E51B8A3}.AppStore|Any CPU.Deploy.0 = AppStore|iPhone
		{0F1827E3-CBF3-47CC-9C9B-52B84E51B8A3}.AppStore|ARM.ActiveCfg = AppStore|iPhone
		{0F1827E3-CBF3-47CC-9C9B-52B84E51B8A3}.AppStore|ARM.Build.0 = AppStore|iPhone
		{0F1827E3-CBF3-47CC-9C9B-52B84E51B8A3}.AppStore|ARM.Deploy.0 = AppStore|iPhone
		{0F1827E3-CBF3-47CC-9C9B-52B84E51B8A3}.AppStore|iPhone.ActiveCfg = AppStore|iPhone
		{0F1827E3-CBF3-47CC-9C9B-52B84E51B8A3}.AppStore|iPhone.Build.0 = AppStore|iPhone
		{0F1827E3-CBF3-47CC-9C9B-52B84E51B8A3}.AppStore|iPhone.Deploy.0 = AppStore|iPhone
		{0F1827E3-CBF3-47CC-9C9B-52B84E51B8A3}.AppStore|iPhoneSimulator.ActiveCfg = AppStore|iPhoneSimulator
		{0F1827E3-CBF3-47CC-9C9B-52B84E51B8A3}.AppStore|iPhoneSimulator.Build.0 = AppStore|iPhoneSimulator
		{0F1827E3-CBF3-47CC-9C9B-52B84E51B8A3}.AppStore|iPhoneSimulator.Deploy.0 = AppStore|iPhoneSimulator
		{0F1827E3-CBF3-47CC-9C9B-52B84E51B8A3}.AppStore|x64.ActiveCfg = AppStore|iPhone
		{0F1827E3-CBF3-47CC-9C9B-52B84E51B8A3}.AppStore|x64.Build.0 = AppStore|iPhone
		{0F1827E3-CBF3-47CC-9C9B-52B84E51B8A3}.AppStore|x64.Deploy.0 = AppStore|iPhone
		{0F1827E3-CBF3-47CC-9C9B-52B84E51B8A3}.AppStore|x86.ActiveCfg = AppStore|iPhone
		{0F1827E3-CBF3-47CC-9C9B-52B84E51B8A3}.AppStore|x86.Build.0 = AppStore|iPhone
		{0F1827E3-CBF3-47CC-9C9B-52B84E51B8A3}.AppStore|x86.Deploy.0 = AppStore|iPhone
		{0F1827E3-CBF3-47CC-9C9B-52B84E51B8A3}.Debug|Any CPU.ActiveCfg = Debug|iPhoneSimulator
		{0F1827E3-CBF3-47CC-9C9B-52B84E51B8A3}.Debug|Any CPU.Build.0 = Debug|iPhoneSimulator
		{0F1827E3-CBF3-47CC-9C9B-52B84E51B8A3}.Debug|Any CPU.Deploy.0 = Debug|iPhoneSimulator
		{0F1827E3-CBF3-47CC-9C9B-52B84E51B8A3}.Debug|ARM.ActiveCfg = Debug|iPhone
		{0F1827E3-CBF3-47CC-9C9B-52B84E51B8A3}.Debug|ARM.Build.0 = Debug|iPhone
		{0F1827E3-CBF3-47CC-9C9B-52B84E51B8A3}.Debug|ARM.Deploy.0 = Debug|iPhone
		{0F1827E3-CBF3-47CC-9C9B-52B84E51B8A3}.Debug|iPhone.ActiveCfg = Debug|iPhone
		{0F1827E3-CBF3-47CC-9C9B-52B84E51B8A3}.Debug|iPhone.Build.0 = Debug|iPhone
		{0F1827E3-CBF3-47CC-9C9B-52B84E51B8A3}.Debug|iPhone.Deploy.0 = Debug|iPhone
		{0F1827E3-CBF3-47CC-9C9B-52B84E51B8A3}.Debug|iPhoneSimulator.ActiveCfg = Debug|iPhoneSimulator
		{0F1827E3-CBF3-47CC-9C9B-52B84E51B8A3}.Debug|iPhoneSimulator.Build.0 = Debug|iPhoneSimulator
		{0F1827E3-CBF3-47CC-9C9B-52B84E51B8A3}.Debug|iPhoneSimulator.Deploy.0 = Debug|iPhoneSimulator
		{0F1827E3-CBF3-47CC-9C9B-52B84E51B8A3}.Debug|x64.ActiveCfg = Debug|iPhone
		{0F1827E3-CBF3-47CC-9C9B-52B84E51B8A3}.Debug|x64.Build.0 = Debug|iPhone
		{0F1827E3-CBF3-47CC-9C9B-52B84E51B8A3}.Debug|x64.Deploy.0 = Debug|iPhone
		{0F1827E3-CBF3-47CC-9C9B-52B84E51B8A3}.Debug|x86.ActiveCfg = Debug|iPhone
		{0F1827E3-CBF3-47CC-9C9B-52B84E51B8A3}.Debug|x86.Build.0 = Debug|iPhone
		{0F1827E3-CBF3-47CC-9C9B-52B84E51B8A3}.Debug|x86.Deploy.0 = Debug|iPhone
		{0F1827E3-CBF3-47CC-9C9B-52B84E51B8A3}.Release|Any CPU.ActiveCfg = Release|iPhone
		{0F1827E3-CBF3-47CC-9C9B-52B84E51B8A3}.Release|Any CPU.Build.0 = Release|iPhone
		{0F1827E3-CBF3-47CC-9C9B-52B84E51B8A3}.Release|Any CPU.Deploy.0 = Release|iPhone
		{0F1827E3-CBF3-47CC-9C9B-52B84E51B8A3}.Release|ARM.ActiveCfg = Release|iPhone
		{0F1827E3-CBF3-47CC-9C9B-52B84E51B8A3}.Release|ARM.Build.0 = Release|iPhone
		{0F1827E3-CBF3-47CC-9C9B-52B84E51B8A3}.Release|ARM.Deploy.0 = Release|iPhone
		{0F1827E3-CBF3-47CC-9C9B-52B84E51B8A3}.Release|iPhone.ActiveCfg = Release|iPhone
		{0F1827E3-CBF3-47CC-9C9B-52B84E51B8A3}.Release|iPhone.Build.0 = Release|iPhone
		{0F1827E3-CBF3-47CC-9C9B-52B84E51B8A3}.Release|iPhone.Deploy.0 = Release|iPhone
		{0F1827E3-CBF3-47CC-9C9B-52B84E51B8A3}.Release|iPhoneSimulator.ActiveCfg = Release|iPhoneSimulator
		{0F1827E3-CBF3-47CC-9C9B-52B84E51B8A3}.Release|iPhoneSimulator.Build.0 = Release|iPhoneSimulator
		{0F1827E3-CBF3-47CC-9C9B-52B84E51B8A3}.Release|iPhoneSimulator.Deploy.0 = Release|iPhoneSimulator
		{0F1827E3-CBF3-47CC-9C9B-52B84E51B8A3}.Release|x64.ActiveCfg = Release|iPhone
		{0F1827E3-CBF3-47CC-9C9B-52B84E51B8A3}.Release|x64.Build.0 = Release|iPhone
		{0F1827E3-CBF3-47CC-9C9B-52B84E51B8A3}.Release|x64.Deploy.0 = Release|iPhone
		{0F1827E3-CBF3-47CC-9C9B-52B84E51B8A3}.Release|x86.ActiveCfg = Release|iPhone
		{0F1827E3-CBF3-47CC-9C9B-52B84E51B8A3}.Release|x86.Build.0 = Release|iPhone
		{0F1827E3-CBF3-47CC-9C9B-52B84E51B8A3}.Release|x86.Deploy.0 = Release|iPhone
		{D6C8408E-87FC-496B-AFD8-62B1765A520B}.Ad-Hoc|Any CPU.ActiveCfg = Release|x86
		{D6C8408E-87FC-496B-AFD8-62B1765A520B}.Ad-Hoc|Any CPU.Build.0 = Release|x86
		{D6C8408E-87FC-496B-AFD8-62B1765A520B}.Ad-Hoc|Any CPU.Deploy.0 = Release|x86
		{D6C8408E-87FC-496B-AFD8-62B1765A520B}.Ad-Hoc|ARM.ActiveCfg = Release|ARM
		{D6C8408E-87FC-496B-AFD8-62B1765A520B}.Ad-Hoc|ARM.Build.0 = Release|ARM
		{D6C8408E-87FC-496B-AFD8-62B1765A520B}.Ad-Hoc|ARM.Deploy.0 = Release|ARM
		{D6C8408E-87FC-496B-AFD8-62B1765A520B}.Ad-Hoc|iPhone.ActiveCfg = Release|x86
		{D6C8408E-87FC-496B-AFD8-62B1765A520B}.Ad-Hoc|iPhone.Build.0 = Release|x86
		{D6C8408E-87FC-496B-AFD8-62B1765A520B}.Ad-Hoc|iPhone.Deploy.0 = Release|x86
		{D6C8408E-87FC-496B-AFD8-62B1765A520B}.Ad-Hoc|iPhoneSimulator.ActiveCfg = Release|x86
		{D6C8408E-87FC-496B-AFD8-62B1765A520B}.Ad-Hoc|iPhoneSimulator.Build.0 = Release|x86
		{D6C8408E-87FC-496B-AFD8-62B1765A520B}.Ad-Hoc|iPhoneSimulator.Deploy.0 = Release|x86
		{D6C8408E-87FC-496B-AFD8-62B1765A520B}.Ad-Hoc|x64.ActiveCfg = Release|x64
		{D6C8408E-87FC-496B-AFD8-62B1765A520B}.Ad-Hoc|x64.Build.0 = Release|x64
		{D6C8408E-87FC-496B-AFD8-62B1765A520B}.Ad-Hoc|x64.Deploy.0 = Release|x64
		{D6C8408E-87FC-496B-AFD8-62B1765A520B}.Ad-Hoc|x86.ActiveCfg = Release|x86
		{D6C8408E-87FC-496B-AFD8-62B1765A520B}.Ad-Hoc|x86.Build.0 = Release|x86
		{D6C8408E-87FC-496B-AFD8-62B1765A520B}.Ad-Hoc|x86.Deploy.0 = Release|x86
		{D6C8408E-87FC-496B-AFD8-62B1765A520B}.AppStore|Any CPU.ActiveCfg = Release|x86
		{D6C8408E-87FC-496B-AFD8-62B1765A520B}.AppStore|Any CPU.Build.0 = Release|x86
		{D6C8408E-87FC-496B-AFD8-62B1765A520B}.AppStore|Any CPU.Deploy.0 = Release|x86
		{D6C8408E-87FC-496B-AFD8-62B1765A520B}.AppStore|ARM.ActiveCfg = Release|ARM
		{D6C8408E-87FC-496B-AFD8-62B1765A520B}.AppStore|ARM.Build.0 = Release|ARM
		{D6C8408E-87FC-496B-AFD8-62B1765A520B}.AppStore|ARM.Deploy.0 = Release|ARM
		{D6C8408E-87FC-496B-AFD8-62B1765A520B}.AppStore|iPhone.ActiveCfg = Release|x86
		{D6C8408E-87FC-496B-AFD8-62B1765A520B}.AppStore|iPhone.Build.0 = Release|x86
		{D6C8408E-87FC-496B-AFD8-62B1765A520B}.AppStore|iPhone.Deploy.0 = Release|x86
		{D6C8408E-87FC-496B-AFD8-62B1765A520B}.AppStore|iPhoneSimulator.ActiveCfg = Release|x86
		{D6C8408E-87FC-496B-AFD8-62B1765A520B}.AppStore|iPhoneSimulator.Build.0 = Release|x86
		{D6C8408E-87FC-496B-AFD8-62B1765A520B}.AppStore|iPhoneSimulator.Deploy.0 = Release|x86
		{D6C8408E-87FC-496B-AFD8-62B1765A520B}.AppStore|x64.ActiveCfg = Release|x64
		{D6C8408E-87FC-496B-AFD8-62B1765A520B}.AppStore|x64.Build.0 = Release|x64
		{D6C8408E-87FC-496B-AFD8-62B1765A520B}.AppStore|x64.Deploy.0 = Release|x64
		{D6C8408E-87FC-496B-AFD8-62B1765A520B}.AppStore|x86.ActiveCfg = Release|x86
		{D6C8408E-87FC-496B-AFD8-62B1765A520B}.AppStore|x86.Build.0 = Release|x86
		{D6C8408E-87FC-496B-AFD8-62B1765A520B}.AppStore|x86.Deploy.0 = Release|x86
		{D6C8408E-87FC-496B-AFD8-62B1765A520B}.Debug|Any CPU.ActiveCfg = Debug|x86
		{D6C8408E-87FC-496B-AFD8-62B1765A520B}.Debug|Any CPU.Build.0 = Debug|x86
		{D6C8408E-87FC-496B-AFD8-62B1765A520B}.Debug|Any CPU.Deploy.0 = Debug|x86
		{D6C8408E-87FC-496B-AFD8-62B1765A520B}.Debug|ARM.ActiveCfg = Debug|ARM
		{D6C8408E-87FC-496B-AFD8-62B1765A520B}.Debug|ARM.Build.0 = Debug|ARM
		{D6C8408E-87FC-496B-AFD8-62B1765A520B}.Debug|ARM.Deploy.0 = Debug|ARM
		{D6C8408E-87FC-496B-AFD8-62B1765A520B}.Debug|iPhone.ActiveCfg = Debug|x86
		{D6C8408E-87FC-496B-AFD8-62B1765A520B}.Debug|iPhone.Build.0 = Debug|x86
		{D6C8408E-87FC-496B-AFD8-62B1765A520B}.Debug|iPhone.Deploy.0 = Debug|x86
		{D6C8408E-87FC-496B-AFD8-62B1765A520B}.Debug|iPhoneSimulator.ActiveCfg = Debug|x86
		{D6C8408E-87FC-496B-AFD8-62B1765A520B}.Debug|iPhoneSimulator.Build.0 = Debug|x86
		{D6C8408E-87FC-496B-AFD8-62B1765A520B}.Debug|iPhoneSimulator.Deploy.0 = Debug|x86
		{D6C8408E-87FC-496B-AFD8-62B1765A520B}.Debug|x64.ActiveCfg = Debug|x64
		{D6C8408E-87FC-496B-AFD8-62B1765A520B}.Debug|x64.Build.0 = Debug|x64
		{D6C8408E-87FC-496B-AFD8-62B1765A520B}.Debug|x64.Deploy.0 = Debug|x64
		{D6C8408E-87FC-496B-AFD8-62B1765A520B}.Debug|x86.ActiveCfg = Debug|x86
		{D6C8408E-87FC-496B-AFD8-62B1765A520B}.Debug|x86.Build.0 = Debug|x86
		{D6C8408E-87FC-496B-AFD8-62B1765A520B}.Debug|x86.Deploy.0 = Debug|x86
		{D6C8408E-87FC-496B-AFD8-62B1765A520B}.Release|Any CPU.ActiveCfg = Release|x86
		{D6C8408E-87FC-496B-AFD8-62B1765A520B}.Release|Any CPU.Build.0 = Release|x86
		{D6C8408E-87FC-496B-AFD8-62B1765A520B}.Release|Any CPU.Deploy.0 = Release|x86
		{D6C8408E-87FC-496B-AFD8-62B1765A520B}.Release|ARM.ActiveCfg = Release|ARM
		{D6C8408E-87FC-496B-AFD8-62B1765A520B}.Release|ARM.Build.0 = Release|ARM
		{D6C8408E-87FC-496B-AFD8-62B1765A520B}.Release|ARM.Deploy.0 = Release|ARM
		{D6C8408E-87FC-496B-AFD8-62B1765A520B}.Release|iPhone.ActiveCfg = Release|x86
		{D6C8408E-87FC-496B-AFD8-62B1765A520B}.Release|iPhone.Build.0 = Release|x86
		{D6C8408E-87FC-496B-AFD8-62B1765A520B}.Release|iPhone.Deploy.0 = Release|x86
		{D6C8408E-87FC-496B-AFD8-62B1765A520B}.Release|iPhoneSimulator.ActiveCfg = Release|x86
		{D6C8408E-87FC-496B-AFD8-62B1765A520B}.Release|iPhoneSimulator.Build.0 = Release|x86
		{D6C8408E-87FC-496B-AFD8-62B1765A520B}.Release|iPhoneSimulator.Deploy.0 = Release|x86
		{D6C8408E-87FC-496B-AFD8-62B1765A520B}.Release|x64.ActiveCfg = Release|x64
		{D6C8408E-87FC-496B-AFD8-62B1765A520B}.Release|x64.Build.0 = Release|x64
		{D6C8408E-87FC-496B-AFD8-62B1765A520B}.Release|x64.Deploy.0 = Release|x64
		{D6C8408E-87FC-496B-AFD8-62B1765A520B}.Release|x86.ActiveCfg = Release|x86
		{D6C8408E-87FC-496B-AFD8-62B1765A520B}.Release|x86.Build.0 = Release|x86
		{D6C8408E-87FC-496B-AFD8-62B1765A520B}.Release|x86.Deploy.0 = Release|x86
		{C8D1DC86-63C9-4805-84BD-C925B7EA6A0D}.Ad-Hoc|Any CPU.ActiveCfg = Debug|Any CPU
		{C8D1DC86-63C9-4805-84BD-C925B7EA6A0D}.Ad-Hoc|Any CPU.Build.0 = Debug|Any CPU
		{C8D1DC86-63C9-4805-84BD-C925B7EA6A0D}.Ad-Hoc|Any CPU.Deploy.0 = Debug|Any CPU
		{C8D1DC86-63C9-4805-84BD-C925B7EA6A0D}.Ad-Hoc|ARM.ActiveCfg = Debug|Any CPU
		{C8D1DC86-63C9-4805-84BD-C925B7EA6A0D}.Ad-Hoc|ARM.Build.0 = Debug|Any CPU
		{C8D1DC86-63C9-4805-84BD-C925B7EA6A0D}.Ad-Hoc|ARM.Deploy.0 = Debug|Any CPU
		{C8D1DC86-63C9-4805-84BD-C925B7EA6A0D}.Ad-Hoc|iPhone.ActiveCfg = Debug|Any CPU
		{C8D1DC86-63C9-4805-84BD-C925B7EA6A0D}.Ad-Hoc|iPhone.Build.0 = Debug|Any CPU
		{C8D1DC86-63C9-4805-84BD-C925B7EA6A0D}.Ad-Hoc|iPhone.Deploy.0 = Debug|Any CPU
		{C8D1DC86-63C9-4805-84BD-C925B7EA6A0D}.Ad-Hoc|iPhoneSimulator.ActiveCfg = Debug|Any CPU
		{C8D1DC86-63C9-4805-84BD-C925B7EA6A0D}.Ad-Hoc|iPhoneSimulator.Build.0 = Debug|Any CPU
		{C8D1DC86-63C9-4805-84BD-C925B7EA6A0D}.Ad-Hoc|iPhoneSimulator.Deploy.0 = Debug|Any CPU
		{C8D1DC86-63C9-4805-84BD-C925B7EA6A0D}.Ad-Hoc|x64.ActiveCfg = Debug|Any CPU
		{C8D1DC86-63C9-4805-84BD-C925B7EA6A0D}.Ad-Hoc|x64.Build.0 = Debug|Any CPU
		{C8D1DC86-63C9-4805-84BD-C925B7EA6A0D}.Ad-Hoc|x64.Deploy.0 = Debug|Any CPU
		{C8D1DC86-63C9-4805-84BD-C925B7EA6A0D}.Ad-Hoc|x86.ActiveCfg = Debug|Any CPU
		{C8D1DC86-63C9-4805-84BD-C925B7EA6A0D}.Ad-Hoc|x86.Build.0 = Debug|Any CPU
		{C8D1DC86-63C9-4805-84BD-C925B7EA6A0D}.Ad-Hoc|x86.Deploy.0 = Debug|Any CPU
		{C8D1DC86-63C9-4805-84BD-C925B7EA6A0D}.AppStore|Any CPU.ActiveCfg = Debug|Any CPU
		{C8D1DC86-63C9-4805-84BD-C925B7EA6A0D}.AppStore|Any CPU.Build.0 = Debug|Any CPU
		{C8D1DC86-63C9-4805-84BD-C925B7EA6A0D}.AppStore|Any CPU.Deploy.0 = Debug|Any CPU
		{C8D1DC86-63C9-4805-84BD-C925B7EA6A0D}.AppStore|ARM.ActiveCfg = Debug|Any CPU
		{C8D1DC86-63C9-4805-84BD-C925B7EA6A0D}.AppStore|ARM.Build.0 = Debug|Any CPU
		{C8D1DC86-63C9-4805-84BD-C925B7EA6A0D}.AppStore|ARM.Deploy.0 = Debug|Any CPU
		{C8D1DC86-63C9-4805-84BD-C925B7EA6A0D}.AppStore|iPhone.ActiveCfg = Debug|Any CPU
		{C8D1DC86-63C9-4805-84BD-C925B7EA6A0D}.AppStore|iPhone.Build.0 = Debug|Any CPU
		{C8D1DC86-63C9-4805-84BD-C925B7EA6A0D}.AppStore|iPhone.Deploy.0 = Debug|Any CPU
		{C8D1DC86-63C9-4805-84BD-C925B7EA6A0D}.AppStore|iPhoneSimulator.ActiveCfg = Debug|Any CPU
		{C8D1DC86-63C9-4805-84BD-C925B7EA6A0D}.AppStore|iPhoneSimulator.Build.0 = Debug|Any CPU
		{C8D1DC86-63C9-4805-84BD-C925B7EA6A0D}.AppStore|iPhoneSimulator.Deploy.0 = Debug|Any CPU
		{C8D1DC86-63C9-4805-84BD-C925B7EA6A0D}.AppStore|x64.ActiveCfg = Debug|Any CPU
		{C8D1DC86-63C9-4805-84BD-C925B7EA6A0D}.AppStore|x64.Build.0 = Debug|Any CPU
		{C8D1DC86-63C9-4805-84BD-C925B7EA6A0D}.AppStore|x64.Deploy.0 = Debug|Any CPU
		{C8D1DC86-63C9-4805-84BD-C925B7EA6A0D}.AppStore|x86.ActiveCfg = Debug|Any CPU
		{C8D1DC86-63C9-4805-84BD-C925B7EA6A0D}.AppStore|x86.Build.0 = Debug|Any CPU
		{C8D1DC86-63C9-4805-84BD-C925B7EA6A0D}.AppStore|x86.Deploy.0 = Debug|Any CPU
		{C8D1DC86-63C9-4805-84BD-C925B7EA6A0D}.Debug|Any CPU.ActiveCfg = Debug|Any CPU
		{C8D1DC86-63C9-4805-84BD-C925B7EA6A0D}.Debug|Any CPU.Build.0 = Debug|Any CPU
		{C8D1DC86-63C9-4805-84BD-C925B7EA6A0D}.Debug|Any CPU.Deploy.0 = Debug|Any CPU
		{C8D1DC86-63C9-4805-84BD-C925B7EA6A0D}.Debug|ARM.ActiveCfg = Debug|Any CPU
		{C8D1DC86-63C9-4805-84BD-C925B7EA6A0D}.Debug|ARM.Build.0 = Debug|Any CPU
		{C8D1DC86-63C9-4805-84BD-C925B7EA6A0D}.Debug|ARM.Deploy.0 = Debug|Any CPU
		{C8D1DC86-63C9-4805-84BD-C925B7EA6A0D}.Debug|iPhone.ActiveCfg = Debug|Any CPU
		{C8D1DC86-63C9-4805-84BD-C925B7EA6A0D}.Debug|iPhone.Build.0 = Debug|Any CPU
		{C8D1DC86-63C9-4805-84BD-C925B7EA6A0D}.Debug|iPhone.Deploy.0 = Debug|Any CPU
		{C8D1DC86-63C9-4805-84BD-C925B7EA6A0D}.Debug|iPhoneSimulator.ActiveCfg = Debug|Any CPU
		{C8D1DC86-63C9-4805-84BD-C925B7EA6A0D}.Debug|iPhoneSimulator.Build.0 = Debug|Any CPU
		{C8D1DC86-63C9-4805-84BD-C925B7EA6A0D}.Debug|iPhoneSimulator.Deploy.0 = Debug|Any CPU
		{C8D1DC86-63C9-4805-84BD-C925B7EA6A0D}.Debug|x64.ActiveCfg = Debug|Any CPU
		{C8D1DC86-63C9-4805-84BD-C925B7EA6A0D}.Debug|x64.Build.0 = Debug|Any CPU
		{C8D1DC86-63C9-4805-84BD-C925B7EA6A0D}.Debug|x64.Deploy.0 = Debug|Any CPU
		{C8D1DC86-63C9-4805-84BD-C925B7EA6A0D}.Debug|x86.ActiveCfg = Debug|Any CPU
		{C8D1DC86-63C9-4805-84BD-C925B7EA6A0D}.Debug|x86.Build.0 = Debug|Any CPU
		{C8D1DC86-63C9-4805-84BD-C925B7EA6A0D}.Debug|x86.Deploy.0 = Debug|Any CPU
		{C8D1DC86-63C9-4805-84BD-C925B7EA6A0D}.Release|Any CPU.ActiveCfg = Release|Any CPU
		{C8D1DC86-63C9-4805-84BD-C925B7EA6A0D}.Release|Any CPU.Build.0 = Release|Any CPU
		{C8D1DC86-63C9-4805-84BD-C925B7EA6A0D}.Release|Any CPU.Deploy.0 = Release|Any CPU
		{C8D1DC86-63C9-4805-84BD-C925B7EA6A0D}.Release|ARM.ActiveCfg = Release|Any CPU
		{C8D1DC86-63C9-4805-84BD-C925B7EA6A0D}.Release|ARM.Build.0 = Release|Any CPU
		{C8D1DC86-63C9-4805-84BD-C925B7EA6A0D}.Release|ARM.Deploy.0 = Release|Any CPU
		{C8D1DC86-63C9-4805-84BD-C925B7EA6A0D}.Release|iPhone.ActiveCfg = Release|Any CPU
		{C8D1DC86-63C9-4805-84BD-C925B7EA6A0D}.Release|iPhone.Build.0 = Release|Any CPU
		{C8D1DC86-63C9-4805-84BD-C925B7EA6A0D}.Release|iPhone.Deploy.0 = Release|Any CPU
		{C8D1DC86-63C9-4805-84BD-C925B7EA6A0D}.Release|iPhoneSimulator.ActiveCfg = Release|Any CPU
		{C8D1DC86-63C9-4805-84BD-C925B7EA6A0D}.Release|iPhoneSimulator.Build.0 = Release|Any CPU
		{C8D1DC86-63C9-4805-84BD-C925B7EA6A0D}.Release|iPhoneSimulator.Deploy.0 = Release|Any CPU
		{C8D1DC86-63C9-4805-84BD-C925B7EA6A0D}.Release|x64.ActiveCfg = Release|Any CPU
		{C8D1DC86-63C9-4805-84BD-C925B7EA6A0D}.Release|x64.Build.0 = Release|Any CPU
		{C8D1DC86-63C9-4805-84BD-C925B7EA6A0D}.Release|x64.Deploy.0 = Release|Any CPU
		{C8D1DC86-63C9-4805-84BD-C925B7EA6A0D}.Release|x86.ActiveCfg = Release|Any CPU
		{C8D1DC86-63C9-4805-84BD-C925B7EA6A0D}.Release|x86.Build.0 = Release|Any CPU
		{C8D1DC86-63C9-4805-84BD-C925B7EA6A0D}.Release|x86.Deploy.0 = Release|Any CPU
	EndGlobalSection
	GlobalSection(SolutionProperties) = preSolution
		HideSolutionNode = FALSE
	EndGlobalSection
	GlobalSection(ExtensibilityGlobals) = postSolution
		SolutionGuid = {1DE5881A-43B0-46FF-9E23-889D706E33FB}
	EndGlobalSection
EndGlobal
